
Microsoft Visual Studio Solution File, Format Version 12.00
# Visual Studio 14
VisualStudioVersion = 14.0.25123.0
MinimumVisualStudioVersion = 10.0.40219.1
Project("{FAE04EC0-301F-11D3-BF4B-00C04F79EFBC}") = "CppClean", "CppClean\CppClean.csproj", "{A85C0AE1-70D2-4858-AF6F-4709EB4BCCF6}"
EndProject
Project("{FAE04EC0-301F-11D3-BF4B-00C04F79EFBC}") = "WorkCopy", "WorkCopy\WorkCopy.csproj", "{54CC7800-7E8B-45EA-A03A-B68F320D9841}"
EndProject
Project("{FAE04EC0-301F-11D3-BF4B-00C04F79EFBC}") = "WorkCopyTests", "WorkCopyTests\WorkCopyTests.csproj", "{693F260C-6B77-4FCB-A859-D73B2E06C972}"
EndProject
Project("{FAE04EC0-301F-11D3-BF4B-00C04F79EFBC}") = "BmDebug", "BmDebug\BmDebug.csproj", "{EB08BCCD-E3EB-4CF2-AA79-766E95075724}"
EndProject
Project("{FAE04EC0-301F-11D3-BF4B-00C04F79EFBC}") = "UnitTests", "UnitTests\UnitTests.csproj", "{8E52B6A2-F82F-415D-8E54-59ED866D4810}"
EndProject
Project("{FAE04EC0-301F-11D3-BF4B-00C04F79EFBC}") = "CreateParamsSQL", "CreateParamsSQL\CreateParamsSQL.csproj", "{E4940754-57B0-41CB-9A6D-D3B4192A5C79}"
EndProject
Project("{FAE04EC0-301F-11D3-BF4B-00C04F79EFBC}") = "PerformanceTest", "PerformanceTest\PerformanceTest.csproj", "{BA0CE842-43BA-4FF5-A82A-C94666F4859C}"
EndProject
Project("{FAE04EC0-301F-11D3-BF4B-00C04F79EFBC}") = "Tasks.Windows", "Tasks\Tasks.Windows.csproj", "{6D74E0CE-AE3F-4EC2-BB2D-8F528C559A5A}"
EndProject
Project("{FAE04EC0-301F-11D3-BF4B-00C04F79EFBC}") = "Tasks.Lib.MebiusPmStatus", "Tasks.Lib.MebiusPMStatus\Tasks.Lib.MebiusPmStatus.csproj", "{0F4B5FB8-CC95-4107-9DB3-47F7065A86E1}"
EndProject
Project("{FAE04EC0-301F-11D3-BF4B-00C04F79EFBC}") = "Tasks.Database", "Tasks.Database\Tasks.Database.csproj", "{9C78B1B2-92A3-43D5-A17E-2C895A189CB9}"
EndProject
Project("{FAE04EC0-301F-11D3-BF4B-00C04F79EFBC}") = "Tasks.Lib.Base", "Tasks.Lib.Base\Tasks.Lib.Base.csproj", "{56FAB44F-25D5-42CB-ACB4-740EA1F5ADCD}"
EndProject
Global
	GlobalSection(SolutionConfigurationPlatforms) = preSolution
		Debug|Any CPU = Debug|Any CPU
		Release|Any CPU = Release|Any CPU
	EndGlobalSection
	GlobalSection(ProjectConfigurationPlatforms) = postSolution
		{A85C0AE1-70D2-4858-AF6F-4709EB4BCCF6}.Debug|Any CPU.ActiveCfg = Debug|Any CPU
		{A85C0AE1-70D2-4858-AF6F-4709EB4BCCF6}.Debug|Any CPU.Build.0 = Debug|Any CPU
		{A85C0AE1-70D2-4858-AF6F-4709EB4BCCF6}.Release|Any CPU.ActiveCfg = Release|Any CPU
		{A85C0AE1-70D2-4858-AF6F-4709EB4BCCF6}.Release|Any CPU.Build.0 = Release|Any CPU
		{54CC7800-7E8B-45EA-A03A-B68F320D9841}.Debug|Any CPU.ActiveCfg = Debug|Any CPU
		{54CC7800-7E8B-45EA-A03A-B68F320D9841}.Debug|Any CPU.Build.0 = Debug|Any CPU
		{54CC7800-7E8B-45EA-A03A-B68F320D9841}.Release|Any CPU.ActiveCfg = Release|Any CPU
		{54CC7800-7E8B-45EA-A03A-B68F320D9841}.Release|Any CPU.Build.0 = Release|Any CPU
		{693F260C-6B77-4FCB-A859-D73B2E06C972}.Debug|Any CPU.ActiveCfg = Debug|Any CPU
		{693F260C-6B77-4FCB-A859-D73B2E06C972}.Debug|Any CPU.Build.0 = Debug|Any CPU
		{693F260C-6B77-4FCB-A859-D73B2E06C972}.Release|Any CPU.ActiveCfg = Release|Any CPU
		{693F260C-6B77-4FCB-A859-D73B2E06C972}.Release|Any CPU.Build.0 = Release|Any CPU
		{EB08BCCD-E3EB-4CF2-AA79-766E95075724}.Debug|Any CPU.ActiveCfg = Debug|Any CPU
		{EB08BCCD-E3EB-4CF2-AA79-766E95075724}.Debug|Any CPU.Build.0 = Debug|Any CPU
		{EB08BCCD-E3EB-4CF2-AA79-766E95075724}.Release|Any CPU.ActiveCfg = Release|Any CPU
		{EB08BCCD-E3EB-4CF2-AA79-766E95075724}.Release|Any CPU.Build.0 = Release|Any CPU
		{8E52B6A2-F82F-415D-8E54-59ED866D4810}.Debug|Any CPU.ActiveCfg = Debug|Any CPU
		{8E52B6A2-F82F-415D-8E54-59ED866D4810}.Debug|Any CPU.Build.0 = Debug|Any CPU
		{8E52B6A2-F82F-415D-8E54-59ED866D4810}.Release|Any CPU.ActiveCfg = Release|Any CPU
		{8E52B6A2-F82F-415D-8E54-59ED866D4810}.Release|Any CPU.Build.0 = Release|Any CPU
		{E4940754-57B0-41CB-9A6D-D3B4192A5C79}.Debug|Any CPU.ActiveCfg = Debug|Any CPU
		{E4940754-57B0-41CB-9A6D-D3B4192A5C79}.Debug|Any CPU.Build.0 = Debug|Any CPU
		{E4940754-57B0-41CB-9A6D-D3B4192A5C79}.Release|Any CPU.ActiveCfg = Release|Any CPU
		{E4940754-57B0-41CB-9A6D-D3B4192A5C79}.Release|Any CPU.Build.0 = Release|Any CPU
		{BA0CE842-43BA-4FF5-A82A-C94666F4859C}.Debug|Any CPU.ActiveCfg = Debug|Any CPU
		{BA0CE842-43BA-4FF5-A82A-C94666F4859C}.Debug|Any CPU.Build.0 = Debug|Any CPU
		{BA0CE842-43BA-4FF5-A82A-C94666F4859C}.Release|Any CPU.ActiveCfg = Release|Any CPU
		{BA0CE842-43BA-4FF5-A82A-C94666F4859C}.Release|Any CPU.Build.0 = Release|Any CPU
		{6D74E0CE-AE3F-4EC2-BB2D-8F528C559A5A}.Debug|Any CPU.ActiveCfg = Debug|Any CPU
		{6D74E0CE-AE3F-4EC2-BB2D-8F528C559A5A}.Debug|Any CPU.Build.0 = Debug|Any CPU
		{6D74E0CE-AE3F-4EC2-BB2D-8F528C559A5A}.Release|Any CPU.ActiveCfg = Release|Any CPU
		{6D74E0CE-AE3F-4EC2-BB2D-8F528C559A5A}.Release|Any CPU.Build.0 = Release|Any CPU
		{0F4B5FB8-CC95-4107-9DB3-47F7065A86E1}.Debug|Any CPU.ActiveCfg = Debug|Any CPU
		{0F4B5FB8-CC95-4107-9DB3-47F7065A86E1}.Debug|Any CPU.Build.0 = Debug|Any CPU
		{0F4B5FB8-CC95-4107-9DB3-47F7065A86E1}.Release|Any CPU.ActiveCfg = Release|Any CPU
		{0F4B5FB8-CC95-4107-9DB3-47F7065A86E1}.Release|Any CPU.Build.0 = Release|Any CPU
		{9C78B1B2-92A3-43D5-A17E-2C895A189CB9}.Debug|Any CPU.ActiveCfg = Debug|Any CPU
		{9C78B1B2-92A3-43D5-A17E-2C895A189CB9}.Debug|Any CPU.Build.0 = Debug|Any CPU
		{9C78B1B2-92A3-43D5-A17E-2C895A189CB9}.Release|Any CPU.ActiveCfg = Release|Any CPU
		{9C78B1B2-92A3-43D5-A17E-2C895A189CB9}.Release|Any CPU.Build.0 = Release|Any CPU
		{56FAB44F-25D5-42CB-ACB4-740EA1F5ADCD}.Debug|Any CPU.ActiveCfg = Debug|Any CPU
		{56FAB44F-25D5-42CB-ACB4-740EA1F5ADCD}.Debug|Any CPU.Build.0 = Debug|Any CPU
		{56FAB44F-25D5-42CB-ACB4-740EA1F5ADCD}.Release|Any CPU.ActiveCfg = Release|Any CPU
		{56FAB44F-25D5-42CB-ACB4-740EA1F5ADCD}.Release|Any CPU.Build.0 = Release|Any CPU
	EndGlobalSection
	GlobalSection(SolutionProperties) = preSolution
		HideSolutionNode = FALSE
	EndGlobalSection
EndGlobal
